{
  "name": "mips-ls",
  "version": "1.0.0",
  "lockfileVersion": 3,
  "requires": true,
  "packages": {
    "": {
      "name": "mips-ls",
      "version": "1.0.0",
      "hasInstallScript": true,
      "license": "MIT",
      "devDependencies": {
        "@types/node": "^20.16.10",
        "typescript": "^5.2.2"
      },
      "engines": {
        "vscode": "^1.75.0"
      }
    },
    "node_modules/@types/node": {
      "version": "20.16.10",
      "resolved": "https://registry.npmjs.org/@types/node/-/node-20.16.10.tgz",
      "integrity": "sha512-vQUKgWTjEIRFCvK6CyriPH3MZYiYlNy0fKiEYHWbcoWLEgs4opurGGKlebrTLqdSMIbXImH6XExNiIyNUv3WpA==",
      "dev": true,
      "license": "MIT",
      "dependencies": {
        "undici-types": "~6.19.2"
      }
    },
    "node_modules/typescript": {
      "version": "5.2.2",
      "resolved": "https://registry.npmjs.org/typescript/-/typescript-5.2.2.tgz",
      "integrity": "sha512-mI4WrpHsbCIcwT9cF4FZvr80QUeKvsUsUvKDoR+X/7XHQH98xYD8YHZg7ANtz2GtZt/CBq2QJ0thkGJMHfqc1w==",
      "dev": true,
      "bin": {
        "tsc": "bin/tsc",
        "tsserver": "bin/tsserver"
      },
      "engines": {
        "node": ">=14.17"
      }
    }
  }
}
